
Microsoft Visual Studio Solution File, Format Version 12.00
# Visual Studio Version 17
VisualStudioVersion = 17.0.31903.59
MinimumVisualStudioVersion = 10.0.40219.1
Project("{FAE04EC0-301F-11D3-BF4B-00C04F79EFBC}") = "CastingApp.Backend", "CastingApp.Backend\CastingApp.Backend.csproj", "{2983C241-04EA-4D43-88D2-DECDF6815895}"
EndProject
Project("{FAE04EC0-301F-11D3-BF4B-00C04F79EFBC}") = "UnitTest", "UnitTest\UnitTest.csproj", "{E6F190E7-B675-6E01-F209-BD476091BC92}"
EndProject
Global
	GlobalSection(SolutionConfigurationPlatforms) = preSolution
		Debug|Any CPU = Debug|Any CPU
		Release|Any CPU = Release|Any CPU
	EndGlobalSection
	GlobalSection(ProjectConfigurationPlatforms) = postSolution
		{2983C241-04EA-4D43-88D2-DECDF6815895}.Debug|Any CPU.ActiveCfg = Debug|Any CPU
		{2983C241-04EA-4D43-88D2-DECDF6815895}.Debug|Any CPU.Build.0 = Debug|Any CPU
		{2983C241-04EA-4D43-88D2-DECDF6815895}.Release|Any CPU.ActiveCfg = Release|Any CPU
		{2983C241-04EA-4D43-88D2-DECDF6815895}.Release|Any CPU.Build.0 = Release|Any CPU
		{E6F190E7-B675-6E01-F209-BD476091BC92}.Debug|Any CPU.ActiveCfg = Debug|Any CPU
		{E6F190E7-B675-6E01-F209-BD476091BC92}.Debug|Any CPU.Build.0 = Debug|Any CPU
		{E6F190E7-B675-6E01-F209-BD476091BC92}.Release|Any CPU.ActiveCfg = Release|Any CPU
		{E6F190E7-B675-6E01-F209-BD476091BC92}.Release|Any CPU.Build.0 = Release|Any CPU
	EndGlobalSection
	GlobalSection(SolutionProperties) = preSolution
		HideSolutionNode = FALSE
	EndGlobalSection
	GlobalSection(ExtensibilityGlobals) = postSolution
		SolutionGuid = {E328DF03-6539-4A7B-A903-7842C39A3190}
	EndGlobalSection
EndGlobal
